
Microsoft Visual Studio Solution File, Format Version 12.00
Project("{FAE04EC0-301F-11D3-BF4B-00C04F79EFBC}") = "graph-distance", "graph-distance\graph-distance.csproj", "{857132BD-6368-4D26-B22E-10DB44889BCF}"
EndProject
Global
	GlobalSection(SolutionConfigurationPlatforms) = preSolution
		Debug|Any CPU = Debug|Any CPU
		Release|Any CPU = Release|Any CPU
	EndGlobalSection
	GlobalSection(ProjectConfigurationPlatforms) = postSolution
		{857132BD-6368-4D26-B22E-10DB44889BCF}.Debug|Any CPU.ActiveCfg = Debug|Any CPU
		{857132BD-6368-4D26-B22E-10DB44889BCF}.Debug|Any CPU.Build.0 = Debug|Any CPU
		{857132BD-6368-4D26-B22E-10DB44889BCF}.Release|Any CPU.ActiveCfg = Release|Any CPU
		{857132BD-6368-4D26-B22E-10DB44889BCF}.Release|Any CPU.Build.0 = Release|Any CPU
	EndGlobalSection
EndGlobal
